Microsoft Visual Studio Solution File, Format Version 12.00
# Visual Studio 15
VisualStudioVersion = 15.0.27004.2005
MinimumVisualStudioVersion = 15.0.26124.0
Project("{2150E333-8FDC-42A3-9474-1A3956D46DE8}") = "src", "src", "{2A1DBB0C-167B-4E68-A51A-CE79E8FDA7EA}"
EndProject
Project("{2150E333-8FDC-42A3-9474-1A3956D46DE8}") = "test", "test", "{1B9E9A75-7AFC-4EC3-95AC-D828D04630D5}"
EndProject
Project("{9A19103F-16F7-4668-BE54-9A1E7A4F7556}") = "CorrelationContext", "src\CorrelationContext\CorrelationContext.csproj", "{119BDD94-553E-4C0E-98C3-1CEB19B8A858}"
EndProject
Project("{9A19103F-16F7-4668-BE54-9A1E7A4F7556}") = "CorrelationContext.UnitTests", "test\CorrelationContext.UnitTests\CorrelationContext.UnitTests.csproj", "{9101C6BE-B857-436D-993A-25DECFA3D469}"
EndProject
Global
	GlobalSection(SolutionConfigurationPlatforms) = preSolution
		Debug|Any CPU = Debug|Any CPU
		Debug|x64 = Debug|x64
		Debug|x86 = Debug|x86
		Release|Any CPU = Release|Any CPU
		Release|x64 = Release|x64
		Release|x86 = Release|x86
	EndGlobalSection
	GlobalSection(ProjectConfigurationPlatforms) = postSolution
		{119BDD94-553E-4C0E-98C3-1CEB19B8A858}.Debug|Any CPU.ActiveCfg = Debug|Any CPU
		{119BDD94-553E-4C0E-98C3-1CEB19B8A858}.Debug|Any CPU.Build.0 = Debug|Any CPU
		{119BDD94-553E-4C0E-98C3-1CEB19B8A858}.Debug|x64.ActiveCfg = Debug|Any CPU
		{119BDD94-553E-4C0E-98C3-1CEB19B8A858}.Debug|x64.Build.0 = Debug|Any CPU
		{119BDD94-553E-4C0E-98C3-1CEB19B8A858}.Debug|x86.ActiveCfg = Debug|Any CPU
		{119BDD94-553E-4C0E-98C3-1CEB19B8A858}.Debug|x86.Build.0 = Debug|Any CPU
		{119BDD94-553E-4C0E-98C3-1CEB19B8A858}.Release|Any CPU.ActiveCfg = Release|Any CPU
		{119BDD94-553E-4C0E-98C3-1CEB19B8A858}.Release|Any CPU.Build.0 = Release|Any CPU
		{119BDD94-553E-4C0E-98C3-1CEB19B8A858}.Release|x64.ActiveCfg = Release|Any CPU
		{119BDD94-553E-4C0E-98C3-1CEB19B8A858}.Release|x64.Build.0 = Release|Any CPU
		{119BDD94-553E-4C0E-98C3-1CEB19B8A858}.Release|x86.ActiveCfg = Release|Any CPU
		{119BDD94-553E-4C0E-98C3-1CEB19B8A858}.Release|x86.Build.0 = Release|Any CPU
		{9101C6BE-B857-436D-993A-25DECFA3D469}.Debug|Any CPU.ActiveCfg = Debug|Any CPU
		{9101C6BE-B857-436D-993A-25DECFA3D469}.Debug|Any CPU.Build.0 = Debug|Any CPU
		{9101C6BE-B857-436D-993A-25DECFA3D469}.Debug|x64.ActiveCfg = Debug|Any CPU
		{9101C6BE-B857-436D-993A-25DECFA3D469}.Debug|x64.Build.0 = Debug|Any CPU
		{9101C6BE-B857-436D-993A-25DECFA3D469}.Debug|x86.ActiveCfg = Debug|Any CPU
		{9101C6BE-B857-436D-993A-25DECFA3D469}.Debug|x86.Build.0 = Debug|Any CPU
		{9101C6BE-B857-436D-993A-25DECFA3D469}.Release|Any CPU.ActiveCfg = Release|Any CPU
		{9101C6BE-B857-436D-993A-25DECFA3D469}.Release|Any CPU.Build.0 = Release|Any CPU
		{9101C6BE-B857-436D-993A-25DECFA3D469}.Release|x64.ActiveCfg = Release|Any CPU
		{9101C6BE-B857-436D-993A-25DECFA3D469}.Release|x64.Build.0 = Release|Any CPU
		{9101C6BE-B857-436D-993A-25DECFA3D469}.Release|x86.ActiveCfg = Release|Any CPU
		{9101C6BE-B857-436D-993A-25DECFA3D469}.Release|x86.Build.0 = Release|Any CPU
	EndGlobalSection
	GlobalSection(SolutionProperties) = preSolution
		HideSolutionNode = FALSE
	EndGlobalSection
	GlobalSection(NestedProjects) = preSolution
		{119BDD94-553E-4C0E-98C3-1CEB19B8A858} = {2A1DBB0C-167B-4E68-A51A-CE79E8FDA7EA}
		{9101C6BE-B857-436D-993A-25DECFA3D469} = {1B9E9A75-7AFC-4EC3-95AC-D828D04630D5}
	EndGlobalSection
	GlobalSection(ExtensibilityGlobals) = postSolution
		SolutionGuid = {314956A4-6327-4D78-813A-2E66A8E3B7BA}
	EndGlobalSection
EndGlobal
